hash: 9ddf4b23089f6d150153be15fd59aa8e0bfd1bf901899a7b7f18478c4c55f016
updated: 2017-02-16T23:36:37.588718194+01:00
imports:
- name: github.com/cactus/gostrftime
  version: b8b45cd4d6faa3d8bca9b6a0826520d84b354e8c
- name: github.com/pelletier/go-buffruneio
  version: df1e16fde7fc330a0ca68167c23bf7ed6ac31d6d
- name: github.com/pelletier/go-toml
  version: d464759235b8fd59f8ab4c44807d7c36e1678add
testImports: []
